// !$*UTF8*$!
{
	archiveVersion = 1;
	classes = {
	};
	objectVersion = 46;
	objects = {

/* Begin PBXBuildFile section */
		18764AA21CF5FF8F009F6A17 /* UIUtilities.swift in Sources */ = {isa = PBXBuildFile; fileRef = 18764AA11CF5FF8F009F6A17 /* UIUtilities.swift */; };
		18764AA61CF600CD009F6A17 /* Venue.swift in Sources */ = {isa = PBXBuildFile; fileRef = 18764AA51CF600CD009F6A17 /* Venue.swift */; };
		18764AAA1CF74C16009F6A17 /* Constants.swift in Sources */ = {isa = PBXBuildFile; fileRef = 18764AA91CF74C16009F6A17 /* Constants.swift */; };
		18764AAC1CF74C1F009F6A17 /* GoogleClient.swift in Sources */ = {isa = PBXBuildFile; fileRef = 18764AAB1CF74C1F009F6A17 /* GoogleClient.swift */; };
		18764AAE1CFE0C74009F6A17 /* VenueCollectionViewCell.swift in Sources */ = {isa = PBXBuildFile; fileRef = 18764AAD1CFE0C74009F6A17 /* VenueCollectionViewCell.swift */; };
		18D505871CFF9F7C00AFB986 /* OverlayViewController.swift in Sources */ = {isa = PBXBuildFile; fileRef = 18D505851CFF9F7C00AFB986 /* OverlayViewController.swift */; };
		18D505881CFF9F7C00AFB986 /* OverlayViewController.xib in Resources */ = {isa = PBXBuildFile; fileRef = 18D505861CFF9F7C00AFB986 /* OverlayViewController.xib */; };
		18D5058C1D00936800AFB986 /* PortraitTabBarController.swift in Sources */ = {isa = PBXBuildFile; fileRef = 18D5058B1D00936800AFB986 /* PortraitTabBarController.swift */; };
		18F1454F1CF5210500014AB1 /* AppDelegate.swift in Sources */ = {isa = PBXBuildFile; fileRef = 18F1454E1CF5210500014AB1 /* AppDelegate.swift */; };
		18F145511CF5210500014AB1 /* MapViewController.swift in Sources */ = {isa = PBXBuildFile; fileRef = 18F145501CF5210500014AB1 /* MapViewController.swift */; };
		18F145541CF5210500014AB1 /* Main.storyboard in Resources */ = {isa = PBXBuildFile; fileRef = 18F145521CF5210500014AB1 /* Main.storyboard */; };
		18F145571CF5210500014AB1 /* LetsGetDrinks.xcdatamodeld in Sources */ = {isa = PBXBuildFile; fileRef = 18F145551CF5210500014AB1 /* LetsGetDrinks.xcdatamodeld */; };
		18F145591CF5210500014AB1 /* Assets.xcassets in Resources */ = {isa = PBXBuildFile; fileRef = 18F145581CF5210500014AB1 /* Assets.xcassets */; };
		18F1455C1CF5210500014AB1 /* LaunchScreen.storyboard in Resources */ = {isa = PBXBuildFile; fileRef = 18F1455A1CF5210500014AB1 /* LaunchScreen.storyboard */; };
		18F145671CF5210500014AB1 /* LetsGetDrinksTests.swift in Sources */ = {isa = PBXBuildFile; fileRef = 18F145661CF5210500014AB1 /* LetsGetDrinksTests.swift */; };
		18F145721CF5210500014AB1 /* LetsGetDrinksUITests.swift in Sources */ = {isa = PBXBuildFile; fileRef = 18F145711CF5210500014AB1 /* LetsGetDrinksUITests.swift */; };
		18F145821CF521D600014AB1 /* CoreDataStack.swift in Sources */ = {isa = PBXBuildFile; fileRef = 18F145811CF521D600014AB1 /* CoreDataStack.swift */; };
		18F145841CF52ACA00014AB1 /* CollectionViewController.swift in Sources */ = {isa = PBXBuildFile; fileRef = 18F145831CF52ACA00014AB1 /* CollectionViewController.swift */; };
/* End PBXBuildFile section */

/* Begin PBXContainerItemProxy section */
		18F145631CF5210500014AB1 /* PBXContainerItemProxy */ = {
			isa = PBXContainerItemProxy;
			containerPortal = 18F145431CF5210500014AB1 /* Project object */;
			proxyType = 1;
			remoteGlobalIDString = 18F1454A1CF5210500014AB1;
			remoteInfo = LetsGetDrinks;
		};
		18F1456E1CF5210500014AB1 /* PBXContainerItemProxy */ = {
			isa = PBXContainerItemProxy;
			containerPortal = 18F145431CF5210500014AB1 /* Project object */;
			proxyType = 1;
			remoteGlobalIDString = 18F1454A1CF5210500014AB1;
			remoteInfo = LetsGetDrinks;
		};
/* End PBXContainerItemProxy section */

/* Begin PBXFileReference section */
		18764AA11CF5FF8F009F6A17 /* UIUtilities.swift */ = {isa = PBXFileReference; fileEncoding = 4; lastKnownFileType = sourcecode.swift; path = UIUtilities.swift; sourceTree = "<group>"; };
		18764AA51CF600CD009F6A17 /* Venue.swift */ = {isa = PBXFileReference; fileEncoding = 4; lastKnownFileType = sourcecode.swift; path = Venue.swift; sourceTree = "<group>"; };
		18764AA91CF74C16009F6A17 /* Constants.swift */ = {isa = PBXFileReference; fileEncoding = 4; lastKnownFileType = sourcecode.swift; path = Constants.swift; sourceTree = "<group>"; };
		18764AAB1CF74C1F009F6A17 /* GoogleClient.swift */ = {isa = PBXFileReference; fileEncoding = 4; lastKnownFileType = sourcecode.swift; path = GoogleClient.swift; sourceTree = "<group>"; };
		18764AAD1CFE0C74009F6A17 /* VenueCollectionViewCell.swift */ = {isa = PBXFileReference; fileEncoding = 4; lastKnownFileType = sourcecode.swift; path = VenueCollectionViewCell.swift; sourceTree = "<group>"; };
		18D505851CFF9F7C00AFB986 /* OverlayViewController.swift */ = {isa = PBXFileReference; fileEncoding = 4; lastKnownFileType = sourcecode.swift; path = OverlayViewController.swift; sourceTree = "<group>"; };
		18D505861CFF9F7C00AFB986 /* OverlayViewController.xib */ = {isa = PBXFileReference; fileEncoding = 4; lastKnownFileType = file.xib; path = OverlayViewController.xib; sourceTree = "<group>"; };
		18D5058B1D00936800AFB986 /* PortraitTabBarController.swift */ = {isa = PBXFileReference; fileEncoding = 4; lastKnownFileType = sourcecode.swift; path = PortraitTabBarController.swift; sourceTree = "<group>"; };
		18F1454B1CF5210500014AB1 /* LetsGetDrinks.app */ = {isa = PBXFileReference; explicitFileType = wrapper.application; includeInIndex = 0; path = LetsGetDrinks.app; sourceTree = BUILT_PRODUCTS_DIR; };
		18F1454E1CF5210500014AB1 /* AppDelegate.swift */ = {isa = PBXFileReference; lastKnownFileType = sourcecode.swift; path = AppDelegate.swift; sourceTree = "<group>"; };
		18F145501CF5210500014AB1 /* MapViewController.swift */ = {isa = PBXFileReference; lastKnownFileType = sourcecode.swift; name = MapViewController.swift; path = LetsGetDrinks/MapViewController.swift; sourceTree = "<group>"; };
		18F145531CF5210500014AB1 /* Base */ = {isa = PBXFileReference; lastKnownFileType = file.storyboard; name = Base; path = Base.lproj/Main.storyboard; sourceTree = "<group>"; };
		18F145561CF5210500014AB1 /* LetsGetDrinks.xcdatamodel */ = {isa = PBXFileReference; lastKnownFileType = wrapper.xcdatamodel; path = LetsGetDrinks.xcdatamodel; sourceTree = "<group>"; };
		18F145581CF5210500014AB1 /* Assets.xcassets */ = {isa = PBXFileReference; lastKnownFileType = folder.assetcatalog; path = Assets.xcassets; sourceTree = "<group>"; };
		18F1455B1CF5210500014AB1 /* Base */ = {isa = PBXFileReference; lastKnownFileType = file.storyboard; name = Base; path = Base.lproj/LaunchScreen.storyboard; sourceTree = "<group>"; };
		18F1455D1CF5210500014AB1 /* Info.plist */ = {isa = PBXFileReference; lastKnownFileType = text.plist.xml; path = Info.plist; sourceTree = "<group>"; };
		18F145621CF5210500014AB1 /* LetsGetDrinksTests.xctest */ = {isa = PBXFileReference; explicitFileType = wrapper.cfbundle; includeInIndex = 0; path = LetsGetDrinksTests.xctest; sourceTree = BUILT_PRODUCTS_DIR; };
		18F145661CF5210500014AB1 /* LetsGetDrinksTests.swift */ = {isa = PBXFileReference; lastKnownFileType = sourcecode.swift; path = LetsGetDrinksTests.swift; sourceTree = "<group>"; };
		18F145681CF5210500014AB1 /* Info.plist */ = {isa = PBXFileReference; lastKnownFileType = text.plist.xml; path = Info.plist; sourceTree = "<group>"; };
		18F1456D1CF5210500014AB1 /* LetsGetDrinksUITests.xctest */ = {isa = PBXFileReference; explicitFileType = wrapper.cfbundle; includeInIndex = 0; path = LetsGetDrinksUITests.xctest; sourceTree = BUILT_PRODUCTS_DIR; };
		18F145711CF5210500014AB1 /* LetsGetDrinksUITests.swift */ = {isa = PBXFileReference; lastKnownFileType = sourcecode.swift; path = LetsGetDrinksUITests.swift; sourceTree = "<group>"; };
		18F145731CF5210500014AB1 /* Info.plist */ = {isa = PBXFileReference; lastKnownFileType = text.plist.xml; path = Info.plist; sourceTree = "<group>"; };
		18F145811CF521D600014AB1 /* CoreDataStack.swift */ = {isa = PBXFileReference; fileEncoding = 4; lastKnownFileType = sourcecode.swift; path = CoreDataStack.swift; sourceTree = "<group>"; };
		18F145831CF52ACA00014AB1 /* CollectionViewController.swift */ = {isa = PBXFileReference; fileEncoding = 4; lastKnownFileType = sourcecode.swift; path = CollectionViewController.swift; sourceTree = "<group>"; };
/* End PBXFileReference section */

/* Begin PBXFrameworksBuildPhase section */
		18F145481CF5210500014AB1 /* Frameworks */ = {
			isa = PBXFrameworksBuildPhase;
			buildActionMask = 2147483647;
			files = (
			);
			runOnlyForDeploymentPostprocessing = 0;
		};
		18F1455F1CF5210500014AB1 /* Frameworks */ = {
			isa = PBXFrameworksBuildPhase;
			buildActionMask = 2147483647;
			files = (
			);
			runOnlyForDeploymentPostprocessing = 0;
		};
		18F1456A1CF5210500014AB1 /* Frameworks */ = {
			isa = PBXFrameworksBuildPhase;
			buildActionMask = 2147483647;
			files = (
			);
			runOnlyForDeploymentPostprocessing = 0;
		};
/* End PBXFrameworksBuildPhase section */

/* Begin PBXGroup section */
		18764AB11CFE4E0F009F6A17 /* Views */ = {
			isa = PBXGroup;
			children = (
				18D505861CFF9F7C00AFB986 /* OverlayViewController.xib */,
			);
			name = Views;
			sourceTree = "<group>";
		};
		18F145421CF5210500014AB1 = {
			isa = PBXGroup;
			children = (
				18764AB11CFE4E0F009F6A17 /* Views */,
				18F145801CF5219A00014AB1 /* ViewControllers */,
				18F1457F1CF5219000014AB1 /* Model */,
				18F1454D1CF5210500014AB1 /* LetsGetDrinks */,
				18F145651CF5210500014AB1 /* LetsGetDrinksTests */,
				18F145701CF5210500014AB1 /* LetsGetDrinksUITests */,
				18F1454C1CF5210500014AB1 /* Products */,
			);
			sourceTree = "<group>";
		};
		18F1454C1CF5210500014AB1 /* Products */ = {
			isa = PBXGroup;
			children = (
				18F1454B1CF5210500014AB1 /* LetsGetDrinks.app */,
				18F145621CF5210500014AB1 /* LetsGetDrinksTests.xctest */,
				18F1456D1CF5210500014AB1 /* LetsGetDrinksUITests.xctest */,
			);
			name = Products;
			sourceTree = "<group>";
		};
		18F1454D1CF5210500014AB1 /* LetsGetDrinks */ = {
			isa = PBXGroup;
			children = (
				18F1454E1CF5210500014AB1 /* AppDelegate.swift */,
				18F145521CF5210500014AB1 /* Main.storyboard */,
				18F145581CF5210500014AB1 /* Assets.xcassets */,
				18F1455A1CF5210500014AB1 /* LaunchScreen.storyboard */,
				18F1455D1CF5210500014AB1 /* Info.plist */,
				18F145551CF5210500014AB1 /* LetsGetDrinks.xcdatamodeld */,
			);
			path = LetsGetDrinks;
			sourceTree = "<group>";
		};
		18F145651CF5210500014AB1 /* LetsGetDrinksTests */ = {
			isa = PBXGroup;
			children = (
				18F145661CF5210500014AB1 /* LetsGetDrinksTests.swift */,
				18F145681CF5210500014AB1 /* Info.plist */,
			);
			path = LetsGetDrinksTests;
			sourceTree = "<group>";
		};
		18F145701CF5210500014AB1 /* LetsGetDrinksUITests */ = {
			isa = PBXGroup;
			children = (
				18F145711CF5210500014AB1 /* LetsGetDrinksUITests.swift */,
				18F145731CF5210500014AB1 /* Info.plist */,
			);
			path = LetsGetDrinksUITests;
			sourceTree = "<group>";
		};
		18F1457F1CF5219000014AB1 /* Model */ = {
			isa = PBXGroup;
			children = (
				18F145811CF521D600014AB1 /* CoreDataStack.swift */,
				18764AA51CF600CD009F6A17 /* Venue.swift */,
				18764AA91CF74C16009F6A17 /* Constants.swift */,
				18764AAB1CF74C1F009F6A17 /* GoogleClient.swift */,
			);
			name = Model;
			sourceTree = "<group>";
		};
		18F145801CF5219A00014AB1 /* ViewControllers */ = {
			isa = PBXGroup;
			children = (
				18D505851CFF9F7C00AFB986 /* OverlayViewController.swift */,
				18F145501CF5210500014AB1 /* MapViewController.swift */,
				18F145831CF52ACA00014AB1 /* CollectionViewController.swift */,
				18764AA11CF5FF8F009F6A17 /* UIUtilities.swift */,
				18764AAD1CFE0C74009F6A17 /* VenueCollectionViewCell.swift */,
				18D5058B1D00936800AFB986 /* PortraitTabBarController.swift */,
			);
			name = ViewControllers;
			sourceTree = "<group>";
		};
/* End PBXGroup section */

/* Begin PBXNativeTarget section */
		18F1454A1CF5210500014AB1 /* LetsGetDrinks */ = {
			isa = PBXNativeTarget;
			buildConfigurationList = 18F145761CF5210500014AB1 /* Build configuration list for PBXNativeTarget "LetsGetDrinks" */;
			buildPhases = (
				18F145471CF5210500014AB1 /* Sources */,
				18F145481CF5210500014AB1 /* Frameworks */,
				18F145491CF5210500014AB1 /* Resources */,
			);
			buildRules = (
			);
			dependencies = (
			);
			name = LetsGetDrinks;
			productName = LetsGetDrinks;
			productReference = 18F1454B1CF5210500014AB1 /* LetsGetDrinks.app */;
			productType = "com.apple.product-type.application";
		};
		18F145611CF5210500014AB1 /* LetsGetDrinksTests */ = {
			isa = PBXNativeTarget;
			buildConfigurationList = 18F145791CF5210500014AB1 /* Build configuration list for PBXNativeTarget "LetsGetDrinksTests" */;
			buildPhases = (
				18F1455E1CF5210500014AB1 /* Sources */,
				18F1455F1CF5210500014AB1 /* Frameworks */,
				18F145601CF5210500014AB1 /* Resources */,
			);
			buildRules = (
			);
			dependencies = (
				18F145641CF5210500014AB1 /* PBXTargetDependency */,
			);
			name = LetsGetDrinksTests;
			productName = LetsGetDrinksTests;
			productReference = 18F145621CF5210500014AB1 /* LetsGetDrinksTests.xctest */;
			productType = "com.apple.product-type.bundle.unit-test";
		};
		18F1456C1CF5210500014AB1 /* LetsGetDrinksUITests */ = {
			isa = PBXNativeTarget;
			buildConfigurationList = 18F1457C1CF5210500014AB1 /* Build configuration list for PBXNativeTarget "LetsGetDrinksUITests" */;
			buildPhases = (
				18F145691CF5210500014AB1 /* Sources */,
				18F1456A1CF5210500014AB1 /* Frameworks */,
				18F1456B1CF5210500014AB1 /* Resources */,
			);
			buildRules = (
			);
			dependencies = (
				18F1456F1CF5210500014AB1 /* PBXTargetDependency */,
			);
			name = LetsGetDrinksUITests;
			productName = LetsGetDrinksUITests;
			productReference = 18F1456D1CF5210500014AB1 /* LetsGetDrinksUITests.xctest */;
			productType = "com.apple.product-type.bundle.ui-testing";
		};
/* End PBXNativeTarget section */

/* Begin PBXProject section */
		18F145431CF5210500014AB1 /* Project object */ = {
			isa = PBXProject;
			attributes = {
				LastSwiftUpdateCheck = 0720;
				LastUpgradeCheck = 0720;
				ORGANIZATIONNAME = soheiln;
				TargetAttributes = {
					18F1454A1CF5210500014AB1 = {
						CreatedOnToolsVersion = 7.2.1;
					};
					18F145611CF5210500014AB1 = {
						CreatedOnToolsVersion = 7.2.1;
						TestTargetID = 18F1454A1CF5210500014AB1;
					};
					18F1456C1CF5210500014AB1 = {
						CreatedOnToolsVersion = 7.2.1;
						TestTargetID = 18F1454A1CF5210500014AB1;
					};
				};
			};
			buildConfigurationList = 18F145461CF5210500014AB1 /* Build configuration list for PBXProject "LetsGetDrinks" */;
			compatibilityVersion = "Xcode 3.2";
			developmentRegion = English;
			hasScannedForEncodings = 0;
			knownRegions = (
				en,
				Base,
			);
			mainGroup = 18F145421CF5210500014AB1;
			productRefGroup = 18F1454C1CF5210500014AB1 /* Products */;
			projectDirPath = "";
			projectRoot = "";
			targets = (
				18F1454A1CF5210500014AB1 /* LetsGetDrinks */,
				18F145611CF5210500014AB1 /* LetsGetDrinksTests */,
				18F1456C1CF5210500014AB1 /* LetsGetDrinksUITests */,
			);
		};
/* End PBXProject section */

/* Begin PBXResourcesBuildPhase section */
		18F145491CF5210500014AB1 /* Resources */ = {
			isa = PBXResourcesBuildPhase;
			buildActionMask = 2147483647;
			files = (
				18F1455C1CF5210500014AB1 /* LaunchScreen.storyboard in Resources */,
				18D505881CFF9F7C00AFB986 /* OverlayViewController.xib in Resources */,
				18F145591CF5210500014AB1 /* Assets.xcassets in Resources */,
				18F145541CF5210500014AB1 /* Main.storyboard in Resources */,
			);
			runOnlyForDeploymentPostprocessing = 0;
		};
		18F145601CF5210500014AB1 /* Resources */ = {
			isa = PBXResourcesBuildPhase;
			buildActionMask = 2147483647;
			files = (
			);
			runOnlyForDeploymentPostprocessing = 0;
		};
		18F1456B1CF5210500014AB1 /* Resources */ = {
			isa = PBXResourcesBuildPhase;
			buildActionMask = 2147483647;
			files = (
			);
			runOnlyForDeploymentPostprocessing = 0;
		};
/* End PBXResourcesBuildPhase section */

/* Begin PBXSourcesBuildPhase section */
		18F145471CF5210500014AB1 /* Sources */ = {
			isa = PBXSourcesBuildPhase;
			buildActionMask = 2147483647;
			files = (
				18764AAC1CF74C1F009F6A17 /* GoogleClient.swift in Sources */,
				18F145511CF5210500014AB1 /* MapViewController.swift in Sources */,
				18764AAE1CFE0C74009F6A17 /* VenueCollectionViewCell.swift in Sources */,
				18F145571CF5210500014AB1 /* LetsGetDrinks.xcdatamodeld in Sources */,
				18F1454F1CF5210500014AB1 /* AppDelegate.swift in Sources */,
				18F145821CF521D600014AB1 /* CoreDataStack.swift in Sources */,
				18764AA21CF5FF8F009F6A17 /* UIUtilities.swift in Sources */,
				18D505871CFF9F7C00AFB986 /* OverlayViewController.swift in Sources */,
				18F145841CF52ACA00014AB1 /* CollectionViewController.swift in Sources */,
				18764AA61CF600CD009F6A17 /* Venue.swift in Sources */,
				18D5058C1D00936800AFB986 /* PortraitTabBarController.swift in Sources */,
				18764AAA1CF74C16009F6A17 /* Constants.swift in Sources */,
			);
			runOnlyForDeploymentPostprocessing = 0;
		};
		18F1455E1CF5210500014AB1 /* Sources */ = {
			isa = PBXSourcesBuildPhase;
			buildActionMask = 2147483647;
			files = (
				18F145671CF5210500014AB1 /* LetsGetDrinksTests.swift in Sources */,
			);
			runOnlyForDeploymentPostprocessing = 0;
		};
		18F145691CF5210500014AB1 /* Sources */ = {
			isa = PBXSourcesBuildPhase;
			buildActionMask = 2147483647;
			files = (
				18F145721CF5210500014AB1 /* LetsGetDrinksUITests.swift in Sources */,
			);
			runOnlyForDeploymentPostprocessing = 0;
		};
/* End PBXSourcesBuildPhase section */

/* Begin PBXTargetDependency section */
		18F145641CF5210500014AB1 /* PBXTargetDependency */ = {
			isa = PBXTargetDependency;
			target = 18F1454A1CF5210500014AB1 /* LetsGetDrinks */;
			targetProxy = 18F145631CF5210500014AB1 /* PBXContainerItemProxy */;
		};
		18F1456F1CF5210500014AB1 /* PBXTargetDependency */ = {
			isa = PBXTargetDependency;
			target = 18F1454A1CF5210500014AB1 /* LetsGetDrinks */;
			targetProxy = 18F1456E1CF5210500014AB1 /* PBXContainerItemProxy */;
		};
/* End PBXTargetDependency section */

/* Begin PBXVariantGroup section */
		18F145521CF5210500014AB1 /* Main.storyboard */ = {
			isa = PBXVariantGroup;
			children = (
				18F145531CF5210500014AB1 /* Base */,
			);
			name = Main.storyboard;
			sourceTree = "<group>";
		};
		18F1455A1CF5210500014AB1 /* LaunchScreen.storyboard */ = {
			isa = PBXVariantGroup;
			children = (
				18F1455B1CF5210500014AB1 /* Base */,
			);
			name = LaunchScreen.storyboard;
			sourceTree = "<group>";
		};
/* End PBXVariantGroup section */

/* Begin XCBuildConfiguration section */
		18F145741CF5210500014AB1 /* Debug */ = {
			isa = XCBuildConfiguration;
			buildSettings = {
				ALWAYS_SEARCH_USER_PATHS = NO;
				CLANG_CXX_LANGUAGE_STANDARD = "gnu++0x";
				CLANG_CXX_LIBRARY = "libc++";
				CLANG_ENABLE_MODULES = YES;
				CLANG_ENABLE_OBJC_ARC = YES;
				CLANG_WARN_BOOL_CONVERSION = YES;
				CLANG_WARN_CONSTANT_CONVERSION = YES;
				CLANG_WARN_DIRECT_OBJC_ISA_USAGE = YES_ERROR;
				CLANG_WARN_EMPTY_BODY = YES;
				CLANG_WARN_ENUM_CONVERSION = YES;
				CLANG_WARN_INT_CONVERSION = YES;
				CLANG_WARN_OBJC_ROOT_CLASS = YES_ERROR;
				CLANG_WARN_UNREACHABLE_CODE = YES;
				CLANG_WARN__DUPLICATE_METHOD_MATCH = YES;
				"CODE_SIGN_IDENTITY[sdk=iphoneos*]" = "iPhone Developer";
				COPY_PHASE_STRIP = NO;
				DEBUG_INFORMATION_FORMAT = dwarf;
				ENABLE_STRICT_OBJC_MSGSEND = YES;
				ENABLE_TESTABILITY = YES;
				GCC_C_LANGUAGE_STANDARD = gnu99;
				GCC_DYNAMIC_NO_PIC = NO;
				GCC_NO_COMMON_BLOCKS = YES;
				GCC_OPTIMIZATION_LEVEL = 0;
				GCC_PREPROCESSOR_DEFINITIONS = (
					"DEBUG=1",
					"$(inherited)",
				);
				GCC_WARN_64_TO_32_BIT_CONVERSION = YES;
				GCC_WARN_ABOUT_RETURN_TYPE = YES_ERROR;
				GCC_WARN_UNDECLARED_SELECTOR = YES;
				GCC_WARN_UNINITIALIZED_AUTOS = YES_AGGRESSIVE;
				GCC_WARN_UNUSED_FUNCTION = YES;
				GCC_WARN_UNUSED_VARIABLE = YES;
				IPHONEOS_DEPLOYMENT_TARGET = 9.2;
				MTL_ENABLE_DEBUG_INFO = YES;
				ONLY_ACTIVE_ARCH = YES;
				SDKROOT = iphoneos;
				SWIFT_OPTIMIZATION_LEVEL = "-Onone";
			};
			name = Debug;
		};
		18F145751CF5210500014AB1 /* Release */ = {
			isa = XCBuildConfiguration;
			buildSettings = {
				ALWAYS_SEARCH_USER_PATHS = NO;
				CLANG_CXX_LANGUAGE_STANDARD = "gnu++0x";
				CLANG_CXX_LIBRARY = "libc++";
				CLANG_ENABLE_MODULES = YES;
				CLANG_ENABLE_OBJC_ARC = YES;
				CLANG_WARN_BOOL_CONVERSION = YES;
				CLANG_WARN_CONSTANT_CONVERSION = YES;
				CLANG_WARN_DIRECT_OBJC_ISA_USAGE = YES_ERROR;
				CLANG_WARN_EMPTY_BODY = YES;
				CLANG_WARN_ENUM_CONVERSION = YES;
				CLANG_WARN_INT_CONVERSION = YES;
				CLANG_WARN_OBJC_ROOT_CLASS = YES_ERROR;
				CLANG_WARN_UNREACHABLE_CODE = YES;
				CLANG_WARN__DUPLICATE_METHOD_MATCH = YES;
				"CODE_SIGN_IDENTITY[sdk=iphoneos*]" = "iPhone Developer";
				COPY_PHASE_STRIP = NO;
				DEBUG_INFORMATION_FORMAT = "dwarf-with-dsym";
				ENABLE_NS_ASSERTIONS = NO;
				ENABLE_STRICT_OBJC_MSGSEND = YES;
				GCC_C_LANGUAGE_STANDARD = gnu99;
				GCC_NO_COMMON_BLOCKS = YES;
				GCC_WARN_64_TO_32_BIT_CONVERSION = YES;
				GCC_WARN_ABOUT_RETURN_TYPE = YES_ERROR;
				GCC_WARN_UNDECLARED_SELECTOR = YES;
				GCC_WARN_UNINITIALIZED_AUTOS = YES_AGGRESSIVE;
				GCC_WARN_UNUSED_FUNCTION = YES;
				GCC_WARN_UNUSED_VARIABLE = YES;
				IPHONEOS_DEPLOYMENT_TARGET = 9.2;
				MTL_ENABLE_DEBUG_INFO = NO;
				SDKROOT = iphoneos;
				VALIDATE_PRODUCT = YES;
			};
			name = Release;
		};
		18F145771CF5210500014AB1 /* Debug */ = {
			isa = XCBuildConfiguration;
			buildSettings = {
				ASSETCATALOG_COMPILER_APPICON_NAME = AppIcon;
				INFOPLIST_FILE = LetsGetDrinks/Info.plist;
				LD_RUNPATH_SEARCH_PATHS = "$(inherited) @executable_path/Frameworks";
				PRODUCT_BUNDLE_IDENTIFIER = com.soheiln.LetsGetDrinks;
				PRODUCT_NAME = "$(TARGET_NAME)";
			};
			name = Debug;
		};
		18F145781CF5210500014AB1 /* Release */ = {
			isa = XCBuildConfiguration;
			buildSettings = {
				ASSETCATALOG_COMPILER_APPICON_NAME = AppIcon;
				INFOPLIST_FILE = LetsGetDrinks/Info.plist;
				LD_RUNPATH_SEARCH_PATHS = "$(inherited) @executable_path/Frameworks";
				PRODUCT_BUNDLE_IDENTIFIER = com.soheiln.LetsGetDrinks;
				PRODUCT_NAME = "$(TARGET_NAME)";
			};
			name = Release;
		};
		18F1457A1CF5210500014AB1 /* Debug */ = {
			isa = XCBuildConfiguration;
			buildSettings = {
				BUNDLE_LOADER = "$(TEST_HOST)";
				INFOPLIST_FILE = LetsGetDrinksTests/Info.plist;
				LD_RUNPATH_SEARCH_PATHS = "$(inherited) @executable_path/Frameworks @loader_path/Frameworks";
				PRODUCT_BUNDLE_IDENTIFIER = com.soheiln.LetsGetDrinksTests;
				PRODUCT_NAME = "$(TARGET_NAME)";
				TEST_HOST = "$(BUILT_PRODUCTS_DIR)/LetsGetDrinks.app/LetsGetDrinks";
			};
			name = Debug;
		};
		18F1457B1CF5210500014AB1 /* Release */ = {
			isa = XCBuildConfiguration;
			buildSettings = {
				BUNDLE_LOADER = "$(TEST_HOST)";
				INFOPLIST_FILE = LetsGetDrinksTests/Info.plist;
				LD_RUNPATH_SEARCH_PATHS = "$(inherited) @executable_path/Frameworks @loader_path/Frameworks";
				PRODUCT_BUNDLE_IDENTIFIER = com.soheiln.LetsGetDrinksTests;
				PRODUCT_NAME = "$(TARGET_NAME)";
				TEST_HOST = "$(BUILT_PRODUCTS_DIR)/LetsGetDrinks.app/LetsGetDrinks";
			};
			name = Release;
		};
		18F1457D1CF5210500014AB1 /* Debug */ = {
			isa = XCBuildConfiguration;
			buildSettings = {
				INFOPLIST_FILE = LetsGetDrinksUITests/Info.plist;
				LD_RUNPATH_SEARCH_PATHS = "$(inherited) @executable_path/Frameworks @loader_path/Frameworks";
				PRODUCT_BUNDLE_IDENTIFIER = com.soheiln.LetsGetDrinksUITests;
				PRODUCT_NAME = "$(TARGET_NAME)";
				TEST_TARGET_NAME = LetsGetDrinks;
				USES_XCTRUNNER = YES;
			};
			name = Debug;
		};
		18F1457E1CF5210500014AB1 /* Release */ = {
			isa = XCBuildConfiguration;
			buildSettings = {
				INFOPLIST_FILE = LetsGetDrinksUITests/Info.plist;
				LD_RUNPATH_SEARCH_PATHS = "$(inherited) @executable_path/Frameworks @loader_path/Frameworks";
				PRODUCT_BUNDLE_IDENTIFIER = com.soheiln.LetsGetDrinksUITests;
				PRODUCT_NAME = "$(TARGET_NAME)";
				TEST_TARGET_NAME = LetsGetDrinks;
				USES_XCTRUNNER = YES;
			};
			name = Release;
		};
/* End XCBuildConfiguration section */

/* Begin XCConfigurationList section */
		18F145461CF5210500014AB1 /* Build configuration list for PBXProject "LetsGetDrinks" */ = {
			isa = XCConfigurationList;
			buildConfigurations = (
				18F145741CF5210500014AB1 /* Debug */,
				18F145751CF5210500014AB1 /* Release */,
			);
			defaultConfigurationIsVisible = 0;
			defaultConfigurationName = Release;
		};
		18F145761CF5210500014AB1 /* Build configuration list for PBXNativeTarget "LetsGetDrinks" */ = {
			isa = XCConfigurationList;
			buildConfigurations = (
				18F145771CF5210500014AB1 /* Debug */,
				18F145781CF5210500014AB1 /* Release */,
			);
			defaultConfigurationIsVisible = 0;
			defaultConfigurationName = Release;
		};
		18F145791CF5210500014AB1 /* Build configuration list for PBXNativeTarget "LetsGetDrinksTests" */ = {
			isa = XCConfigurationList;
			buildConfigurations = (
				18F1457A1CF5210500014AB1 /* Debug */,
				18F1457B1CF5210500014AB1 /* Release */,
			);
			defaultConfigurationIsVisible = 0;
			defaultConfigurationName = Release;
		};
		18F1457C1CF5210500014AB1 /* Build configuration list for PBXNativeTarget "LetsGetDrinksUITests" */ = {
			isa = XCConfigurationList;
			buildConfigurations = (
				18F1457D1CF5210500014AB1 /* Debug */,
				18F1457E1CF5210500014AB1 /* Release */,
			);
			defaultConfigurationIsVisible = 0;
			defaultConfigurationName = Release;
		};
/* End XCConfigurationList section */

/* Begin XCVersionGroup section */
		18F145551CF5210500014AB1 /* LetsGetDrinks.xcdatamodeld */ = {
			isa = XCVersionGroup;
			children = (
				18F145561CF5210500014AB1 /* LetsGetDrinks.xcdatamodel */,
			);
			currentVersion = 18F145561CF5210500014AB1 /* LetsGetDrinks.xcdatamodel */;
			path = LetsGetDrinks.xcdatamodeld;
			sourceTree = "<group>";
			versionGroupType = wrapper.xcdatamodel;
		};
/* End XCVersionGroup section */
	};
	rootObject = 18F145431CF5210500014AB1 /* Project object */;
}
